
Microsoft Visual Studio Solution File, Format Version 12.00
# Visual Studio Version 17
VisualStudioVersion = 17.14.36327.8 d17.14
MinimumVisualStudioVersion = 10.0.40219.1
Project("{FAE04EC0-301F-11D3-BF4B-00C04F79EFBC}") = "ListaDeCompras", "ListaDeCompras\ListaDeCompras.csproj", "{437C3A2B-45FD-4A83-B57C-0A12FF3008F7}"
EndProject
Global
	GlobalSection(SolutionConfigurationPlatforms) = preSolution
		Debug|Any CPU = Debug|Any CPU
		Release|Any CPU = Release|Any CPU
	EndGlobalSection
	GlobalSection(ProjectConfigurationPlatforms) = postSolution
		{437C3A2B-45FD-4A83-B57C-0A12FF3008F7}.Debug|Any CPU.ActiveCfg = Debug|Any CPU
		{437C3A2B-45FD-4A83-B57C-0A12FF3008F7}.Debug|Any CPU.Build.0 = Debug|Any CPU
		{437C3A2B-45FD-4A83-B57C-0A12FF3008F7}.Release|Any CPU.ActiveCfg = Release|Any CPU
		{437C3A2B-45FD-4A83-B57C-0A12FF3008F7}.Release|Any CPU.Build.0 = Release|Any CPU
	EndGlobalSection
	GlobalSection(SolutionProperties) = preSolution
		HideSolutionNode = FALSE
	EndGlobalSection
	GlobalSection(ExtensibilityGlobals) = postSolution
		SolutionGuid = {F69C057A-F5B6-4D75-A9F4-6ACE9622E65E}
	EndGlobalSection
EndGlobal
